// !$*UTF8*$!
{
	archiveVersion = 1;
	classes = {
	};
	objectVersion = 50;
	objects = {

/* Begin PBXBuildFile section */
		2AA74D3924920F41007267F4 /* AppDelegate.swift in Sources */ = {isa = PBXBuildFile; fileRef = 2AA74D3824920F41007267F4 /* AppDelegate.swift */; };
		2AA74D3B24920F41007267F4 /* GameScene.sks in Resources */ = {isa = PBXBuildFile; fileRef = 2AA74D3A24920F41007267F4 /* GameScene.sks */; };
		2AA74D3D24920F41007267F4 /* Actions.sks in Resources */ = {isa = PBXBuildFile; fileRef = 2AA74D3C24920F41007267F4 /* Actions.sks */; };
		2AA74D3F24920F41007267F4 /* GameScene.swift in Sources */ = {isa = PBXBuildFile; fileRef = 2AA74D3E24920F41007267F4 /* GameScene.swift */; };
		2AA74D4124920F41007267F4 /* GameViewController.swift in Sources */ = {isa = PBXBuildFile; fileRef = 2AA74D4024920F41007267F4 /* GameViewController.swift */; };
		2AA74D4424920F41007267F4 /* Main.storyboard in Resources */ = {isa = PBXBuildFile; fileRef = 2AA74D4224920F41007267F4 /* Main.storyboard */; };
		2AA74D4624920F44007267F4 /* Assets.xcassets in Resources */ = {isa = PBXBuildFile; fileRef = 2AA74D4524920F44007267F4 /* Assets.xcassets */; };
		2AA74D4924920F44007267F4 /* LaunchScreen.storyboard in Resources */ = {isa = PBXBuildFile; fileRef = 2AA74D4724920F44007267F4 /* LaunchScreen.storyboard */; };
		2AE629552493440800205608 /* Story1B.swift in Sources */ = {isa = PBXBuildFile; fileRef = 2AE629542493440800205608 /* Story1B.swift */; };
		2AE62957249357BA00205608 /* Story1.swift in Sources */ = {isa = PBXBuildFile; fileRef = 2AE62956249357BA00205608 /* Story1.swift */; };
		2AE6295924936F6100205608 /* Note.md in Resources */ = {isa = PBXBuildFile; fileRef = 2AE6295824936F6100205608 /* Note.md */; };
/* End PBXBuildFile section */

/* Begin PBXFileReference section */
		2AA74D3524920F41007267F4 /* Coco.app */ = {isa = PBXFileReference; explicitFileType = wrapper.application; includeInIndex = 0; path = Coco.app; sourceTree = BUILT_PRODUCTS_DIR; };
		2AA74D3824920F41007267F4 /* AppDelegate.swift */ = {isa = PBXFileReference; lastKnownFileType = sourcecode.swift; path = AppDelegate.swift; sourceTree = "<group>"; };
		2AA74D3A24920F41007267F4 /* GameScene.sks */ = {isa = PBXFileReference; lastKnownFileType = file.sks; path = GameScene.sks; sourceTree = "<group>"; };
		2AA74D3C24920F41007267F4 /* Actions.sks */ = {isa = PBXFileReference; lastKnownFileType = file.sks; path = Actions.sks; sourceTree = "<group>"; };
		2AA74D3E24920F41007267F4 /* GameScene.swift */ = {isa = PBXFileReference; lastKnownFileType = sourcecode.swift; path = GameScene.swift; sourceTree = "<group>"; };
		2AA74D4024920F41007267F4 /* GameViewController.swift */ = {isa = PBXFileReference; lastKnownFileType = sourcecode.swift; path = GameViewController.swift; sourceTree = "<group>"; };
		2AA74D4324920F41007267F4 /* Base */ = {isa = PBXFileReference; lastKnownFileType = file.storyboard; name = Base; path = Base.lproj/Main.storyboard; sourceTree = "<group>"; };
		2AA74D4524920F44007267F4 /* Assets.xcassets */ = {isa = PBXFileReference; lastKnownFileType = folder.assetcatalog; path = Assets.xcassets; sourceTree = "<group>"; };
		2AA74D4824920F44007267F4 /* Base */ = {isa = PBXFileReference; lastKnownFileType = file.storyboard; name = Base; path = Base.lproj/LaunchScreen.storyboard; sourceTree = "<group>"; };
		2AA74D4A24920F44007267F4 /* Info.plist */ = {isa = PBXFileReference; lastKnownFileType = text.plist.xml; path = Info.plist; sourceTree = "<group>"; };
		2AE629542493440800205608 /* Story1B.swift */ = {isa = PBXFileReference; lastKnownFileType = sourcecode.swift; path = Story1B.swift; sourceTree = "<group>"; };
		2AE62956249357BA00205608 /* Story1.swift */ = {isa = PBXFileReference; lastKnownFileType = sourcecode.swift; path = Story1.swift; sourceTree = "<group>"; };
		2AE6295824936F6100205608 /* Note.md */ = {isa = PBXFileReference; lastKnownFileType = net.daringfireball.markdown; path = Note.md; sourceTree = "<group>"; };
/* End PBXFileReference section */

/* Begin PBXFrameworksBuildPhase section */
		2AA74D3224920F41007267F4 /* Frameworks */ = {
			isa = PBXFrameworksBuildPhase;
			buildActionMask = 2147483647;
			files = (
			);
			runOnlyForDeploymentPostprocessing = 0;
		};
/* End PBXFrameworksBuildPhase section */

/* Begin PBXGroup section */
		2AA74D2C24920F41007267F4 = {
			isa = PBXGroup;
			children = (
				2AA74D3724920F41007267F4 /* Coco */,
				2AA74D3624920F41007267F4 /* Products */,
			);
			sourceTree = "<group>";
		};
		2AA74D3624920F41007267F4 /* Products */ = {
			isa = PBXGroup;
			children = (
				2AA74D3524920F41007267F4 /* Coco.app */,
			);
			name = Products;
			sourceTree = "<group>";
		};
		2AA74D3724920F41007267F4 /* Coco */ = {
			isa = PBXGroup;
			children = (
				2AA74D3824920F41007267F4 /* AppDelegate.swift */,
				2AA74D3A24920F41007267F4 /* GameScene.sks */,
				2AA74D3C24920F41007267F4 /* Actions.sks */,
				2AA74D3E24920F41007267F4 /* GameScene.swift */,
				2AE629542493440800205608 /* Story1B.swift */,
				2AE62956249357BA00205608 /* Story1.swift */,
				2AA74D4024920F41007267F4 /* GameViewController.swift */,
				2AA74D4224920F41007267F4 /* Main.storyboard */,
				2AA74D4524920F44007267F4 /* Assets.xcassets */,
				2AA74D4724920F44007267F4 /* LaunchScreen.storyboard */,
				2AA74D4A24920F44007267F4 /* Info.plist */,
				2AE6295824936F6100205608 /* Note.md */,
			);
			path = Coco;
			sourceTree = "<group>";
		};
/* End PBXGroup section */

/* Begin PBXNativeTarget section */
		2AA74D3424920F41007267F4 /* Coco */ = {
			isa = PBXNativeTarget;
			buildConfigurationList = 2AA74D4D24920F44007267F4 /* Build configuration list for PBXNativeTarget "Coco" */;
			buildPhases = (
				2AA74D3124920F41007267F4 /* Sources */,
				2AA74D3224920F41007267F4 /* Frameworks */,
				2AA74D3324920F41007267F4 /* Resources */,
			);
			buildRules = (
			);
			dependencies = (
			);
			name = Coco;
			productName = Coco;
			productReference = 2AA74D3524920F41007267F4 /* Coco.app */;
			productType = "com.apple.product-type.application";
		};
/* End PBXNativeTarget section */

/* Begin PBXProject section */
		2AA74D2D24920F41007267F4 /* Project object */ = {
			isa = PBXProject;
			attributes = {
				LastSwiftUpdateCheck = 1150;
				LastUpgradeCheck = 1150;
				ORGANIZATIONNAME = "Apple Academy";
				TargetAttributes = {
					2AA74D3424920F41007267F4 = {
						CreatedOnToolsVersion = 11.5;
					};
				};
			};
			buildConfigurationList = 2AA74D3024920F41007267F4 /* Build configuration list for PBXProject "Coco" */;
			compatibilityVersion = "Xcode 9.3";
			developmentRegion = en;
			hasScannedForEncodings = 0;
			knownRegions = (
				en,
				Base,
			);
			mainGroup = 2AA74D2C24920F41007267F4;
			productRefGroup = 2AA74D3624920F41007267F4 /* Products */;
			projectDirPath = "";
			projectRoot = "";
			targets = (
				2AA74D3424920F41007267F4 /* Coco */,
			);
		};
/* End PBXProject section */

/* Begin PBXResourcesBuildPhase section */
		2AA74D3324920F41007267F4 /* Resources */ = {
			isa = PBXResourcesBuildPhase;
			buildActionMask = 2147483647;
			files = (
				2AE6295924936F6100205608 /* Note.md in Resources */,
				2AA74D4424920F41007267F4 /* Main.storyboard in Resources */,
				2AA74D3B24920F41007267F4 /* GameScene.sks in Resources */,
				2AA74D4624920F44007267F4 /* Assets.xcassets in Resources */,
				2AA74D4924920F44007267F4 /* LaunchScreen.storyboard in Resources */,
				2AA74D3D24920F41007267F4 /* Actions.sks in Resources */,
			);
			runOnlyForDeploymentPostprocessing = 0;
		};
/* End PBXResourcesBuildPhase section */

/* Begin PBXSourcesBuildPhase section */
		2AA74D3124920F41007267F4 /* Sources */ = {
			isa = PBXSourcesBuildPhase;
			buildActionMask = 2147483647;
			files = (
				2AE62957249357BA00205608 /* Story1.swift in Sources */,
				2AA74D3F24920F41007267F4 /* GameScene.swift in Sources */,
				2AE629552493440800205608 /* Story1B.swift in Sources */,
				2AA74D4124920F41007267F4 /* GameViewController.swift in Sources */,
				2AA74D3924920F41007267F4 /* AppDelegate.swift in Sources */,
			);
			runOnlyForDeploymentPostprocessing = 0;
		};
/* End PBXSourcesBuildPhase section */

/* Begin PBXVariantGroup section */
		2AA74D4224920F41007267F4 /* Main.storyboard */ = {
			isa = PBXVariantGroup;
			children = (
				2AA74D4324920F41007267F4 /* Base */,
			);
			name = Main.storyboard;
			sourceTree = "<group>";
		};
		2AA74D4724920F44007267F4 /* LaunchScreen.storyboard */ = {
			isa = PBXVariantGroup;
			children = (
				2AA74D4824920F44007267F4 /* Base */,
			);
			name = LaunchScreen.storyboard;
			sourceTree = "<group>";
		};
/* End PBXVariantGroup section */

/* Begin XCBuildConfiguration section */
		2AA74D4B24920F44007267F4 /* Debug */ = {
			isa = XCBuildConfiguration;
			buildSettings = {
				ALWAYS_SEARCH_USER_PATHS = NO;
				CLANG_ANALYZER_NONNULL = YES;
				CLANG_ANALYZER_NUMBER_OBJECT_CONVERSION = YES_AGGRESSIVE;
				CLANG_CXX_LANGUAGE_STANDARD = "gnu++14";
				CLANG_CXX_LIBRARY = "libc++";
				CLANG_ENABLE_MODULES = YES;
				CLANG_ENABLE_OBJC_ARC = YES;
				CLANG_ENABLE_OBJC_WEAK = YES;
				CLANG_WARN_BLOCK_CAPTURE_AUTORELEASING = YES;
				CLANG_WARN_BOOL_CONVERSION = YES;
				CLANG_WARN_COMMA = YES;
				CLANG_WARN_CONSTANT_CONVERSION = YES;
				CLANG_WARN_DEPRECATED_OBJC_IMPLEMENTATIONS = YES;
				CLANG_WARN_DIRECT_OBJC_ISA_USAGE = YES_ERROR;
				CLANG_WARN_DOCUMENTATION_COMMENTS = YES;
				CLANG_WARN_EMPTY_BODY = YES;
				CLANG_WARN_ENUM_CONVERSION = YES;
				CLANG_WARN_INFINITE_RECURSION = YES;
				CLANG_WARN_INT_CONVERSION = YES;
				CLANG_WARN_NON_LITERAL_NULL_CONVERSION = YES;
				CLANG_WARN_OBJC_IMPLICIT_RETAIN_SELF = YES;
				CLANG_WARN_OBJC_LITERAL_CONVERSION = YES;
				CLANG_WARN_OBJC_ROOT_CLASS = YES_ERROR;
				CLANG_WARN_RANGE_LOOP_ANALYSIS = YES;
				CLANG_WARN_STRICT_PROTOTYPES = YES;
				CLANG_WARN_SUSPICIOUS_MOVE = YES;
				CLANG_WARN_UNGUARDED_AVAILABILITY = YES_AGGRESSIVE;
				CLANG_WARN_UNREACHABLE_CODE = YES;
				CLANG_WARN__DUPLICATE_METHOD_MATCH = YES;
				COPY_PHASE_STRIP = NO;
				DEBUG_INFORMATION_FORMAT = dwarf;
				ENABLE_STRICT_OBJC_MSGSEND = YES;
				ENABLE_TESTABILITY = YES;
				GCC_C_LANGUAGE_STANDARD = gnu11;
				GCC_DYNAMIC_NO_PIC = NO;
				GCC_NO_COMMON_BLOCKS = YES;
				GCC_OPTIMIZATION_LEVEL = 0;
				GCC_PREPROCESSOR_DEFINITIONS = (
					"DEBUG=1",
					"$(inherited)",
				);
				GCC_WARN_64_TO_32_BIT_CONVERSION = YES;
				GCC_WARN_ABOUT_RETURN_TYPE = YES_ERROR;
				GCC_WARN_UNDECLARED_SELECTOR = YES;
				GCC_WARN_UNINITIALIZED_AUTOS = YES_AGGRESSIVE;
				GCC_WARN_UNUSED_FUNCTION = YES;
				GCC_WARN_UNUSED_VARIABLE = YES;
				IPHONEOS_DEPLOYMENT_TARGET = 13.5;
				MTL_ENABLE_DEBUG_INFO = INCLUDE_SOURCE;
				MTL_FAST_MATH = YES;
				ONLY_ACTIVE_ARCH = YES;
				SDKROOT = iphoneos;
				SWIFT_ACTIVE_COMPILATION_CONDITIONS = DEBUG;
				SWIFT_OPTIMIZATION_LEVEL = "-Onone";
			};
			name = Debug;
		};
		2AA74D4C24920F44007267F4 /* Release */ = {
			isa = XCBuildConfiguration;
			buildSettings = {
				ALWAYS_SEARCH_USER_PATHS = NO;
				CLANG_ANALYZER_NONNULL = YES;
				CLANG_ANALYZER_NUMBER_OBJECT_CONVERSION = YES_AGGRESSIVE;
				CLANG_CXX_LANGUAGE_STANDARD = "gnu++14";
				CLANG_CXX_LIBRARY = "libc++";
				CLANG_ENABLE_MODULES = YES;
				CLANG_ENABLE_OBJC_ARC = YES;
				CLANG_ENABLE_OBJC_WEAK = YES;
				CLANG_WARN_BLOCK_CAPTURE_AUTORELEASING = YES;
				CLANG_WARN_BOOL_CONVERSION = YES;
				CLANG_WARN_COMMA = YES;
				CLANG_WARN_CONSTANT_CONVERSION = YES;
				CLANG_WARN_DEPRECATED_OBJC_IMPLEMENTATIONS = YES;
				CLANG_WARN_DIRECT_OBJC_ISA_USAGE = YES_ERROR;
				CLANG_WARN_DOCUMENTATION_COMMENTS = YES;
				CLANG_WARN_EMPTY_BODY = YES;
				CLANG_WARN_ENUM_CONVERSION = YES;
				CLANG_WARN_INFINITE_RECURSION = YES;
				CLANG_WARN_INT_CONVERSION = YES;
				CLANG_WARN_NON_LITERAL_NULL_CONVERSION = YES;
				CLANG_WARN_OBJC_IMPLICIT_RETAIN_SELF = YES;
				CLANG_WARN_OBJC_LITERAL_CONVERSION = YES;
				CLANG_WARN_OBJC_ROOT_CLASS = YES_ERROR;
				CLANG_WARN_RANGE_LOOP_ANALYSIS = YES;
				CLANG_WARN_STRICT_PROTOTYPES = YES;
				CLANG_WARN_SUSPICIOUS_MOVE = YES;
				CLANG_WARN_UNGUARDED_AVAILABILITY = YES_AGGRESSIVE;
				CLANG_WARN_UNREACHABLE_CODE = YES;
				CLANG_WARN__DUPLICATE_METHOD_MATCH = YES;
				COPY_PHASE_STRIP = NO;
				DEBUG_INFORMATION_FORMAT = "dwarf-with-dsym";
				ENABLE_NS_ASSERTIONS = NO;
				ENABLE_STRICT_OBJC_MSGSEND = YES;
				GCC_C_LANGUAGE_STANDARD = gnu11;
				GCC_NO_COMMON_BLOCKS = YES;
				GCC_WARN_64_TO_32_BIT_CONVERSION = YES;
				GCC_WARN_ABOUT_RETURN_TYPE = YES_ERROR;
				GCC_WARN_UNDECLARED_SELECTOR = YES;
				GCC_WARN_UNINITIALIZED_AUTOS = YES_AGGRESSIVE;
				GCC_WARN_UNUSED_FUNCTION = YES;
				GCC_WARN_UNUSED_VARIABLE = YES;
				IPHONEOS_DEPLOYMENT_TARGET = 13.5;
				MTL_ENABLE_DEBUG_INFO = NO;
				MTL_FAST_MATH = YES;
				SDKROOT = iphoneos;
				SWIFT_COMPILATION_MODE = wholemodule;
				SWIFT_OPTIMIZATION_LEVEL = "-O";
				VALIDATE_PRODUCT = YES;
			};
			name = Release;
		};
		2AA74D4E24920F44007267F4 /* Debug */ = {
			isa = XCBuildConfiguration;
			buildSettings = {
				ASSETCATALOG_COMPILER_APPICON_NAME = AppIcon;
				CODE_SIGN_STYLE = Automatic;
				DEVELOPMENT_TEAM = 4L7CSTPQKF;
				INFOPLIST_FILE = Coco/Info.plist;
				LD_RUNPATH_SEARCH_PATHS = (
					"$(inherited)",
					"@executable_path/Frameworks",
				);
				PRODUCT_BUNDLE_IDENTIFIER = com.faruuq.Coco;
				PRODUCT_NAME = "$(TARGET_NAME)";
				SWIFT_VERSION = 5.0;
				TARGETED_DEVICE_FAMILY = 1;
			};
			name = Debug;
		};
		2AA74D4F24920F44007267F4 /* Release */ = {
			isa = XCBuildConfiguration;
			buildSettings = {
				ASSETCATALOG_COMPILER_APPICON_NAME = AppIcon;
				CODE_SIGN_STYLE = Automatic;
				DEVELOPMENT_TEAM = 4L7CSTPQKF;
				INFOPLIST_FILE = Coco/Info.plist;
				LD_RUNPATH_SEARCH_PATHS = (
					"$(inherited)",
					"@executable_path/Frameworks",
				);
				PRODUCT_BUNDLE_IDENTIFIER = com.faruuq.Coco;
				PRODUCT_NAME = "$(TARGET_NAME)";
				SWIFT_VERSION = 5.0;
				TARGETED_DEVICE_FAMILY = 1;
			};
			name = Release;
		};
/* End XCBuildConfiguration section */

/* Begin XCConfigurationList section */
		2AA74D3024920F41007267F4 /* Build configuration list for PBXProject "Coco" */ = {
			isa = XCConfigurationList;
			buildConfigurations = (
				2AA74D4B24920F44007267F4 /* Debug */,
				2AA74D4C24920F44007267F4 /* Release */,
			);
			defaultConfigurationIsVisible = 0;
			defaultConfigurationName = Release;
		};
		2AA74D4D24920F44007267F4 /* Build configuration list for PBXNativeTarget "Coco" */ = {
			isa = XCConfigurationList;
			buildConfigurations = (
				2AA74D4E24920F44007267F4 /* Debug */,
				2AA74D4F24920F44007267F4 /* Release */,
			);
			defaultConfigurationIsVisible = 0;
			defaultConfigurationName = Release;
		};
/* End XCConfigurationList section */
	};
	rootObject = 2AA74D2D24920F41007267F4 /* Project object */;
}
